
Microsoft Visual Studio Solution File, Format Version 12.00
# Visual Studio 14
VisualStudioVersion = 14.0.23107.0
MinimumVisualStudioVersion = 10.0.40219.1
Project("{FAE04EC0-301F-11D3-BF4B-00C04F79EFBC}") = "Discovery.Net4", "..\Discovery\Discovery.Net4\Discovery.Net4.csproj", "{4B684125-389E-4EDF-87E9-905785F700A5}"
EndProject
Project("{FAE04EC0-301F-11D3-BF4B-00C04F79EFBC}") = "Sentinel.Net4", "..\Sentinel\Sentinel.Net4\Sentinel.Net4.csproj", "{69B58DF3-D1F5-40FE-8C1E-F133B7B3B6B6}"
EndProject
Project("{FAE04EC0-301F-11D3-BF4B-00C04F79EFBC}") = "Playground", "Playground\Playground.csproj", "{AD2742B2-BC7B-41FE-95E8-04998467A13B}"
EndProject
Project("{FAE04EC0-301F-11D3-BF4B-00C04F79EFBC}") = "SimpleCache.Net4", "..\SimpleCache\SimpleCache.Net4\SimpleCache.Net4.csproj", "{5A320348-7AE0-421A-B3EC-25FF8FED4243}"
EndProject
Project("{FAE04EC0-301F-11D3-BF4B-00C04F79EFBC}") = "Models", "..\Models\Models\Models.csproj", "{38931933-1E9D-4DF3-BDDE-75E81E3234F4}"
EndProject
Project("{FAE04EC0-301F-11D3-BF4B-00C04F79EFBC}") = "Eve", "..\..\Eve.NET\Eve\Eve.csproj", "{DD88D007-AD10-470D-9C89-AA8EE39857D0}"
EndProject
Project("{D954291E-2A0B-460D-934E-DC6B0785DB48}") = "Discovery.Core", "..\Discovery\Discovery.Core\Discovery.Core.shproj", "{9052B5FB-BBEA-4A6C-9EC0-C5E90BF3AA6C}"
EndProject
Project("{FAE04EC0-301F-11D3-BF4B-00C04F79EFBC}") = "Eve.Net4", "..\..\Eve.NET\Eve.Net4\Eve.Net4.csproj", "{C5DEAD7A-1511-4516-9334-420CE21D3DC8}"
EndProject
Project("{FAE04EC0-301F-11D3-BF4B-00C04F79EFBC}") = "Models.Net4", "..\Models\Models.Net4\Models.Net4.csproj", "{678D3308-5DE9-4335-B0C8-1E0820B7515C}"
EndProject
Project("{D954291E-2A0B-460D-934E-DC6B0785DB48}") = "Storage.Core", "Storage.Core\Storage.Core.shproj", "{005B8B07-FFFD-4857-9E4A-BC3DFF9796AE}"
EndProject
Project("{D954291E-2A0B-460D-934E-DC6B0785DB48}") = "Storage.Remote.Core", "Storage.Remote\Storage.Remote.Core\Storage.Remote.Core.shproj", "{16E01D8F-6869-4A7D-8164-0F0B19281930}"
EndProject
Project("{FAE04EC0-301F-11D3-BF4B-00C04F79EFBC}") = "Storage.Remote.Net4", "Storage.Remote\Storage.Remote.Net4\Storage.Remote.Net4.csproj", "{429F9A43-72EC-4A1A-9D85-B66DCC8D4830}"
EndProject
Project("{FAE04EC0-301F-11D3-BF4B-00C04F79EFBC}") = "Discovery.iOS", "..\Discovery\Discovery.iOS\Discovery.iOS.csproj", "{E1C6F26A-D2F2-43BC-9F1E-A5C7B5865342}"
EndProject
Project("{FAE04EC0-301F-11D3-BF4B-00C04F79EFBC}") = "SimpleCache.iOS", "..\SimpleCache\SimpleCache.iOS\SimpleCache.iOS.csproj", "{AECC0B9C-1E6F-47ED-9A52-C572039A804E}"
EndProject
Project("{FAE04EC0-301F-11D3-BF4B-00C04F79EFBC}") = "Sentinel.iOS", "..\Sentinel\Sentinel.iOS\Sentinel.iOS.csproj", "{3FF512A5-5EA5-4168-969B-6348DE6DF743}"
EndProject
Project("{2150E333-8FDC-42A3-9474-1A3956D46DE8}") = "iOS", "iOS", "{F3B1B2E3-5264-454E-8185-C9D6A5AC8669}"
EndProject
Project("{2150E333-8FDC-42A3-9474-1A3956D46DE8}") = "Net4", "Net4", "{0AA1C515-35F3-413A-B732-06B40A93ECED}"
EndProject
Project("{FAE04EC0-301F-11D3-BF4B-00C04F79EFBC}") = "Storage.Remote.iOS", "Storage.Remote\Storage.Remote.iOS\Storage.Remote.iOS.csproj", "{014774A9-005D-4422-BA0B-A736D31C03AD}"
EndProject
Global
	GlobalSection(SharedMSBuildProjectFiles) = preSolution
		Storage.Remote\Storage.Remote.Core\Storage.Remote.projitems*{429f9a43-72ec-4a1a-9d85-b66dcc8d4830}*SharedItemsImports = 4
		Storage.Core\Storage.Core.projitems*{429f9a43-72ec-4a1a-9d85-b66dcc8d4830}*SharedItemsImports = 4
		..\..\Eve.NET\Eve.Core\Eve.Core.projitems*{c5dead7a-1511-4516-9334-420ce21d3dc8}*SharedItemsImports = 4
		..\Discovery\Discovery.Core\Discovery.Core.projitems*{e1c6f26a-d2f2-43bc-9f1e-a5c7b5865342}*SharedItemsImports = 4
		Storage.Remote\Storage.Remote.Core\Storage.Remote.projitems*{014774a9-005d-4422-ba0b-a736d31c03ad}*SharedItemsImports = 4
		Storage.Core\Storage.Core.projitems*{014774a9-005d-4422-ba0b-a736d31c03ad}*SharedItemsImports = 4
		..\..\Eve.NET\Eve.Core\Eve.Core.projitems*{dd88d007-ad10-470d-9c89-aa8ee39857d0}*SharedItemsImports = 4
		..\Discovery\Discovery.Core\Discovery.Core.projitems*{4b684125-389e-4edf-87e9-905785f700a5}*SharedItemsImports = 4
		..\Discovery\Discovery.Core\Discovery.Core.projitems*{9052b5fb-bbea-4a6c-9ec0-c5e90bf3aa6c}*SharedItemsImports = 13
		..\Sentinel\Sentinel.Core\Sentinel.Core.projitems*{3ff512a5-5ea5-4168-969b-6348de6df743}*SharedItemsImports = 4
		..\SimpleCache\SimpleCache.Core\SimpleCache.Core.projitems*{5a320348-7ae0-421a-b3ec-25ff8fed4243}*SharedItemsImports = 4
		..\Models\Models.Core\Models.Core.projitems*{678d3308-5de9-4335-b0c8-1e0820b7515c}*SharedItemsImports = 4
		Storage.Core\Storage.Core.projitems*{005b8b07-fffd-4857-9e4a-bc3dff9796ae}*SharedItemsImports = 13
		..\Sentinel\Sentinel.Core\Sentinel.Core.projitems*{69b58df3-d1f5-40fe-8c1e-f133b7b3b6b6}*SharedItemsImports = 4
		..\Models\Models.Core\Models.Core.projitems*{38931933-1e9d-4df3-bdde-75e81e3234f4}*SharedItemsImports = 4
		Storage.Remote\Storage.Remote.Core\Storage.Remote.projitems*{16e01d8f-6869-4a7d-8164-0f0b19281930}*SharedItemsImports = 13
		..\SimpleCache\SimpleCache.Core\SimpleCache.Core.projitems*{aecc0b9c-1e6f-47ed-9a52-c572039a804e}*SharedItemsImports = 4
	EndGlobalSection
	GlobalSection(SolutionConfigurationPlatforms) = preSolution
		Debug|Any CPU = Debug|Any CPU
		Release|Any CPU = Release|Any CPU
	EndGlobalSection
	GlobalSection(ProjectConfigurationPlatforms) = postSolution
		{4B684125-389E-4EDF-87E9-905785F700A5}.Debug|Any CPU.ActiveCfg = Debug|Any CPU
		{4B684125-389E-4EDF-87E9-905785F700A5}.Debug|Any CPU.Build.0 = Debug|Any CPU
		{4B684125-389E-4EDF-87E9-905785F700A5}.Release|Any CPU.ActiveCfg = Release|Any CPU
		{4B684125-389E-4EDF-87E9-905785F700A5}.Release|Any CPU.Build.0 = Release|Any CPU
		{69B58DF3-D1F5-40FE-8C1E-F133B7B3B6B6}.Debug|Any CPU.ActiveCfg = Debug|Any CPU
		{69B58DF3-D1F5-40FE-8C1E-F133B7B3B6B6}.Debug|Any CPU.Build.0 = Debug|Any CPU
		{69B58DF3-D1F5-40FE-8C1E-F133B7B3B6B6}.Release|Any CPU.ActiveCfg = Release|Any CPU
		{69B58DF3-D1F5-40FE-8C1E-F133B7B3B6B6}.Release|Any CPU.Build.0 = Release|Any CPU
		{AD2742B2-BC7B-41FE-95E8-04998467A13B}.Debug|Any CPU.ActiveCfg = Debug|Any CPU
		{AD2742B2-BC7B-41FE-95E8-04998467A13B}.Debug|Any CPU.Build.0 = Debug|Any CPU
		{AD2742B2-BC7B-41FE-95E8-04998467A13B}.Release|Any CPU.ActiveCfg = Release|Any CPU
		{AD2742B2-BC7B-41FE-95E8-04998467A13B}.Release|Any CPU.Build.0 = Release|Any CPU
		{5A320348-7AE0-421A-B3EC-25FF8FED4243}.Debug|Any CPU.ActiveCfg = Debug|Any CPU
		{5A320348-7AE0-421A-B3EC-25FF8FED4243}.Debug|Any CPU.Build.0 = Debug|Any CPU
		{5A320348-7AE0-421A-B3EC-25FF8FED4243}.Release|Any CPU.ActiveCfg = Release|Any CPU
		{5A320348-7AE0-421A-B3EC-25FF8FED4243}.Release|Any CPU.Build.0 = Release|Any CPU
		{38931933-1E9D-4DF3-BDDE-75E81E3234F4}.Debug|Any CPU.ActiveCfg = Debug|Any CPU
		{38931933-1E9D-4DF3-BDDE-75E81E3234F4}.Debug|Any CPU.Build.0 = Debug|Any CPU
		{38931933-1E9D-4DF3-BDDE-75E81E3234F4}.Release|Any CPU.ActiveCfg = Release|Any CPU
		{38931933-1E9D-4DF3-BDDE-75E81E3234F4}.Release|Any CPU.Build.0 = Release|Any CPU
		{DD88D007-AD10-470D-9C89-AA8EE39857D0}.Debug|Any CPU.ActiveCfg = Debug|Any CPU
		{DD88D007-AD10-470D-9C89-AA8EE39857D0}.Debug|Any CPU.Build.0 = Debug|Any CPU
		{DD88D007-AD10-470D-9C89-AA8EE39857D0}.Release|Any CPU.ActiveCfg = Release|Any CPU
		{DD88D007-AD10-470D-9C89-AA8EE39857D0}.Release|Any CPU.Build.0 = Release|Any CPU
		{C5DEAD7A-1511-4516-9334-420CE21D3DC8}.Debug|Any CPU.ActiveCfg = Debug|Any CPU
		{C5DEAD7A-1511-4516-9334-420CE21D3DC8}.Debug|Any CPU.Build.0 = Debug|Any CPU
		{C5DEAD7A-1511-4516-9334-420CE21D3DC8}.Release|Any CPU.ActiveCfg = Release|Any CPU
		{C5DEAD7A-1511-4516-9334-420CE21D3DC8}.Release|Any CPU.Build.0 = Release|Any CPU
		{678D3308-5DE9-4335-B0C8-1E0820B7515C}.Debug|Any CPU.ActiveCfg = Debug|Any CPU
		{678D3308-5DE9-4335-B0C8-1E0820B7515C}.Debug|Any CPU.Build.0 = Debug|Any CPU
		{678D3308-5DE9-4335-B0C8-1E0820B7515C}.Release|Any CPU.ActiveCfg = Release|Any CPU
		{678D3308-5DE9-4335-B0C8-1E0820B7515C}.Release|Any CPU.Build.0 = Release|Any CPU
		{429F9A43-72EC-4A1A-9D85-B66DCC8D4830}.Debug|Any CPU.ActiveCfg = Debug|Any CPU
		{429F9A43-72EC-4A1A-9D85-B66DCC8D4830}.Debug|Any CPU.Build.0 = Debug|Any CPU
		{429F9A43-72EC-4A1A-9D85-B66DCC8D4830}.Release|Any CPU.ActiveCfg = Release|Any CPU
		{429F9A43-72EC-4A1A-9D85-B66DCC8D4830}.Release|Any CPU.Build.0 = Release|Any CPU
		{E1C6F26A-D2F2-43BC-9F1E-A5C7B5865342}.Debug|Any CPU.ActiveCfg = Debug|Any CPU
		{E1C6F26A-D2F2-43BC-9F1E-A5C7B5865342}.Debug|Any CPU.Build.0 = Debug|Any CPU
		{E1C6F26A-D2F2-43BC-9F1E-A5C7B5865342}.Release|Any CPU.ActiveCfg = Release|Any CPU
		{E1C6F26A-D2F2-43BC-9F1E-A5C7B5865342}.Release|Any CPU.Build.0 = Release|Any CPU
		{AECC0B9C-1E6F-47ED-9A52-C572039A804E}.Debug|Any CPU.ActiveCfg = Debug|Any CPU
		{AECC0B9C-1E6F-47ED-9A52-C572039A804E}.Debug|Any CPU.Build.0 = Debug|Any CPU
		{AECC0B9C-1E6F-47ED-9A52-C572039A804E}.Release|Any CPU.ActiveCfg = Release|Any CPU
		{AECC0B9C-1E6F-47ED-9A52-C572039A804E}.Release|Any CPU.Build.0 = Release|Any CPU
		{3FF512A5-5EA5-4168-969B-6348DE6DF743}.Debug|Any CPU.ActiveCfg = Debug|Any CPU
		{3FF512A5-5EA5-4168-969B-6348DE6DF743}.Debug|Any CPU.Build.0 = Debug|Any CPU
		{3FF512A5-5EA5-4168-969B-6348DE6DF743}.Release|Any CPU.ActiveCfg = Release|Any CPU
		{3FF512A5-5EA5-4168-969B-6348DE6DF743}.Release|Any CPU.Build.0 = Release|Any CPU
		{014774A9-005D-4422-BA0B-A736D31C03AD}.Debug|Any CPU.ActiveCfg = Debug|Any CPU
		{014774A9-005D-4422-BA0B-A736D31C03AD}.Debug|Any CPU.Build.0 = Debug|Any CPU
		{014774A9-005D-4422-BA0B-A736D31C03AD}.Release|Any CPU.ActiveCfg = Release|Any CPU
		{014774A9-005D-4422-BA0B-A736D31C03AD}.Release|Any CPU.Build.0 = Release|Any CPU
	EndGlobalSection
	GlobalSection(SolutionProperties) = preSolution
		HideSolutionNode = FALSE
	EndGlobalSection
	GlobalSection(NestedProjects) = preSolution
		{4B684125-389E-4EDF-87E9-905785F700A5} = {0AA1C515-35F3-413A-B732-06B40A93ECED}
		{69B58DF3-D1F5-40FE-8C1E-F133B7B3B6B6} = {0AA1C515-35F3-413A-B732-06B40A93ECED}
		{5A320348-7AE0-421A-B3EC-25FF8FED4243} = {0AA1C515-35F3-413A-B732-06B40A93ECED}
		{38931933-1E9D-4DF3-BDDE-75E81E3234F4} = {F3B1B2E3-5264-454E-8185-C9D6A5AC8669}
		{DD88D007-AD10-470D-9C89-AA8EE39857D0} = {F3B1B2E3-5264-454E-8185-C9D6A5AC8669}
		{C5DEAD7A-1511-4516-9334-420CE21D3DC8} = {0AA1C515-35F3-413A-B732-06B40A93ECED}
		{678D3308-5DE9-4335-B0C8-1E0820B7515C} = {0AA1C515-35F3-413A-B732-06B40A93ECED}
		{429F9A43-72EC-4A1A-9D85-B66DCC8D4830} = {0AA1C515-35F3-413A-B732-06B40A93ECED}
		{E1C6F26A-D2F2-43BC-9F1E-A5C7B5865342} = {F3B1B2E3-5264-454E-8185-C9D6A5AC8669}
		{AECC0B9C-1E6F-47ED-9A52-C572039A804E} = {F3B1B2E3-5264-454E-8185-C9D6A5AC8669}
		{3FF512A5-5EA5-4168-969B-6348DE6DF743} = {F3B1B2E3-5264-454E-8185-C9D6A5AC8669}
		{014774A9-005D-4422-BA0B-A736D31C03AD} = {F3B1B2E3-5264-454E-8185-C9D6A5AC8669}
	EndGlobalSection
EndGlobal
