
Microsoft Visual Studio Solution File, Format Version 12.00
# Visual Studio 14
VisualStudioVersion = 14.0.23107.0
MinimumVisualStudioVersion = 10.0.40219.1
Project("{FAE04EC0-301F-11D3-BF4B-00C04F79EFBC}") = "Storage.iOS", "Storage.iOS\Storage.iOS.csproj", "{FA65728F-BD15-4CD8-BB90-2CE96AC29012}"
EndProject
Project("{FAE04EC0-301F-11D3-BF4B-00C04F79EFBC}") = "Models.iOS", "..\Models\Models.iOS\Models.iOS.csproj", "{FCFE5E54-97BC-4C4E-9886-872D85CE51A7}"
EndProject
Project("{FAE04EC0-301F-11D3-BF4B-00C04F79EFBC}") = "Discovery.iOS", "..\Discovery\Discovery.iOS\Discovery.iOS.csproj", "{E1C6F26A-D2F2-43BC-9F1E-A5C7B5865342}"
EndProject
Project("{FAE04EC0-301F-11D3-BF4B-00C04F79EFBC}") = "Eve.iOS", "..\..\Eve.NET\Eve.iOS\Eve.iOS.csproj", "{C932BF3E-ECDD-4A3C-9BA2-10D92A6C3143}"
EndProject
Project("{FAE04EC0-301F-11D3-BF4B-00C04F79EFBC}") = "Sentinel.iOS", "..\Sentinel\Sentinel.iOS\Sentinel.iOS.csproj", "{3FF512A5-5EA5-4168-969B-6348DE6DF743}"
EndProject
Project("{D954291E-2A0B-460D-934E-DC6B0785DB48}") = "Storage.Core", "Storage.Core\Storage.Core.shproj", "{F35B9348-A255-46BA-8085-AA0A140F8D02}"
EndProject
Global
	GlobalSection(SharedMSBuildProjectFiles) = preSolution
		..\Discovery\Discovery.Core\Discovery.Core.projitems*{e1c6f26a-d2f2-43bc-9f1e-a5c7b5865342}*SharedItemsImports = 4
		..\Models\Models.Core\Models.Core.projitems*{fcfe5e54-97bc-4c4e-9886-872d85ce51a7}*SharedItemsImports = 4
		Storage.Core\Storage.Core.projitems*{f35b9348-a255-46ba-8085-aa0a140f8d02}*SharedItemsImports = 13
		..\Sentinel\Sentinel.Core\Sentinel.Core.projitems*{3ff512a5-5ea5-4168-969b-6348de6df743}*SharedItemsImports = 4
		..\..\Eve.NET\Eve.Core\Eve.Core.projitems*{c932bf3e-ecdd-4a3c-9ba2-10d92a6c3143}*SharedItemsImports = 4
		Storage.Core\Storage.Core.projitems*{fa65728f-bd15-4cd8-bb90-2ce96ac29012}*SharedItemsImports = 4
	EndGlobalSection
	GlobalSection(SolutionConfigurationPlatforms) = preSolution
		Debug|Any CPU = Debug|Any CPU
		Release|Any CPU = Release|Any CPU
	EndGlobalSection
	GlobalSection(ProjectConfigurationPlatforms) = postSolution
		{FA65728F-BD15-4CD8-BB90-2CE96AC29012}.Debug|Any CPU.ActiveCfg = Debug|Any CPU
		{FA65728F-BD15-4CD8-BB90-2CE96AC29012}.Debug|Any CPU.Build.0 = Debug|Any CPU
		{FA65728F-BD15-4CD8-BB90-2CE96AC29012}.Release|Any CPU.ActiveCfg = Release|Any CPU
		{FA65728F-BD15-4CD8-BB90-2CE96AC29012}.Release|Any CPU.Build.0 = Release|Any CPU
		{FCFE5E54-97BC-4C4E-9886-872D85CE51A7}.Debug|Any CPU.ActiveCfg = Debug|Any CPU
		{FCFE5E54-97BC-4C4E-9886-872D85CE51A7}.Debug|Any CPU.Build.0 = Debug|Any CPU
		{FCFE5E54-97BC-4C4E-9886-872D85CE51A7}.Release|Any CPU.ActiveCfg = Release|Any CPU
		{FCFE5E54-97BC-4C4E-9886-872D85CE51A7}.Release|Any CPU.Build.0 = Release|Any CPU
		{E1C6F26A-D2F2-43BC-9F1E-A5C7B5865342}.Debug|Any CPU.ActiveCfg = Debug|Any CPU
		{E1C6F26A-D2F2-43BC-9F1E-A5C7B5865342}.Debug|Any CPU.Build.0 = Debug|Any CPU
		{E1C6F26A-D2F2-43BC-9F1E-A5C7B5865342}.Release|Any CPU.ActiveCfg = Release|Any CPU
		{E1C6F26A-D2F2-43BC-9F1E-A5C7B5865342}.Release|Any CPU.Build.0 = Release|Any CPU
		{C932BF3E-ECDD-4A3C-9BA2-10D92A6C3143}.Debug|Any CPU.ActiveCfg = Debug|Any CPU
		{C932BF3E-ECDD-4A3C-9BA2-10D92A6C3143}.Debug|Any CPU.Build.0 = Debug|Any CPU
		{C932BF3E-ECDD-4A3C-9BA2-10D92A6C3143}.Release|Any CPU.ActiveCfg = Release|Any CPU
		{C932BF3E-ECDD-4A3C-9BA2-10D92A6C3143}.Release|Any CPU.Build.0 = Release|Any CPU
		{3FF512A5-5EA5-4168-969B-6348DE6DF743}.Debug|Any CPU.ActiveCfg = Debug|Any CPU
		{3FF512A5-5EA5-4168-969B-6348DE6DF743}.Debug|Any CPU.Build.0 = Debug|Any CPU
		{3FF512A5-5EA5-4168-969B-6348DE6DF743}.Release|Any CPU.ActiveCfg = Release|Any CPU
		{3FF512A5-5EA5-4168-969B-6348DE6DF743}.Release|Any CPU.Build.0 = Release|Any CPU
	EndGlobalSection
	GlobalSection(SolutionProperties) = preSolution
		HideSolutionNode = FALSE
	EndGlobalSection
EndGlobal
